<?xml version="1.0" encoding="utf-8"?>
<Project ToolsVersion="4.0" xmlns="http://schemas.microsoft.com/developer/msbuild/2003">
  <ItemGroup>
    <ClCompile Include="Main.cpp" />
    <ClCompile Include="01_Variable\VariableDemo.cpp">
      <Filter>01_Variable</Filter>
    </ClCompile>
    <ClCompile Include="01_Variable\EnumDemo.cpp">
      <Filter>01_Variable</Filter>
    </ClCompile>
    <ClCompile Include="01_Variable\TypedefDemo.cpp">
      <Filter>01_Variable</Filter>
    </ClCompile>
    <ClCompile Include="01_Variable\StructDemo.cpp">
      <Filter>01_Variable</Filter>
    </ClCompile>
    <ClCompile Include="02_Operator\ArithmeticDemo.cpp">
      <Filter>02_Operator</Filter>
    </ClCompile>
    <ClCompile Include="02_Operator\IncreasementDemo.cpp">
      <Filter>02_Operator</Filter>
    </ClCompile>
    <ClCompile Include="02_Operator\BitDemo.cpp">
      <Filter>02_Operator</Filter>
    </ClCompile>
    <ClCompile Include="02_Operator\RelationalDemo.cpp">
      <Filter>02_Operator</Filter>
    </ClCompile>
    <ClCompile Include="02_Operator\StaticCastDemo.cpp">
      <Filter>02_Operator</Filter>
    </ClCompile>
    <ClCompile Include="02_Operator\TernaryDemo.cpp">
      <Filter>02_Operator</Filter>
    </ClCompile>
    <ClCompile Include="03_ControlStatement\IfDemo.cpp">
      <Filter>03_ControlStatement</Filter>
    </ClCompile>
    <ClCompile Include="01_Variable\ByteSizeDemo.cpp">
      <Filter>01_Variable</Filter>
    </ClCompile>
    <ClCompile Include="99_Homework\HW_0113.cpp">
      <Filter>99_Homework</Filter>
    </ClCompile>
    <ClCompile Include="03_ControlStatement\SwitchDemo.cpp">
      <Filter>03_ControlStatement</Filter>
    </ClCompile>
    <ClCompile Include="04_Loop\ForDemo.cpp">
      <Filter>04_Loop</Filter>
    </ClCompile>
    <ClCompile Include="04_Loop\WhileDemo.cpp">
      <Filter>04_Loop</Filter>
    </ClCompile>
  </ItemGroup>
  <ItemGroup>
    <ClInclude Include="stdafx.h" />
    <ClInclude Include="01_Variable\ByteSizeDemo.h">
      <Filter>01_Variable</Filter>
    </ClInclude>
    <ClInclude Include="01_Variable\EnumDemo.h">
      <Filter>01_Variable</Filter>
    </ClInclude>
    <ClInclude Include="01_Variable\TypedefDemo.h">
      <Filter>01_Variable</Filter>
    </ClInclude>
    <ClInclude Include="01_Variable\StructDemo.h">
      <Filter>01_Variable</Filter>
    </ClInclude>
    <ClInclude Include="02_Operator\ArithmeticDemo.h">
      <Filter>02_Operator</Filter>
    </ClInclude>
    <ClInclude Include="02_Operator\IncreasementDemo.h">
      <Filter>02_Operator</Filter>
    </ClInclude>
    <ClInclude Include="02_Operator\BitDemo.h">
      <Filter>02_Operator</Filter>
    </ClInclude>
    <ClInclude Include="02_Operator\RelationalDemo.h">
      <Filter>02_Operator</Filter>
    </ClInclude>
    <ClInclude Include="02_Operator\StaticCastDemo.h">
      <Filter>02_Operator</Filter>
    </ClInclude>
    <ClInclude Include="02_Operator\TernaryDemo.h">
      <Filter>02_Operator</Filter>
    </ClInclude>
    <ClInclude Include="03_ControlStatement\IfDemo.h">
      <Filter>03_ControlStatement</Filter>
    </ClInclude>
    <ClInclude Include="01_Variable\VariableDemo.h">
      <Filter>01_Variable</Filter>
    </ClInclude>
    <ClInclude Include="99_Homework\HW_0113.h">
      <Filter>99_Homework</Filter>
    </ClInclude>
    <ClInclude Include="03_ControlStatement\SwitchDemo.h">
      <Filter>03_ControlStatement</Filter>
    </ClInclude>
    <ClInclude Include="04_Loop\ForDemo.h">
      <Filter>04_Loop</Filter>
    </ClInclude>
    <ClInclude Include="04_Loop\WhileDemo.h">
      <Filter>04_Loop</Filter>
    </ClInclude>
  </ItemGroup>
  <ItemGroup>
    <Filter Include="01_Variable">
      <UniqueIdentifier>{27dabdf5-025f-41c2-8ad0-ac369661392f}</UniqueIdentifier>
    </Filter>
    <Filter Include="02_Operator">
      <UniqueIdentifier>{0b67a557-9138-4f9e-9718-ad2e6db532a2}</UniqueIdentifier>
    </Filter>
    <Filter Include="03_ControlStatement">
      <UniqueIdentifier>{2d3a34d2-3339-4e04-b45f-359cd52413dc}</UniqueIdentifier>
    </Filter>
    <Filter Include="99_Homework">
      <UniqueIdentifier>{ebb847d2-fc6e-4fd5-9fa2-9d43e1584740}</UniqueIdentifier>
    </Filter>
    <Filter Include="04_Loop">
      <UniqueIdentifier>{af323813-4a53-4a59-bcea-6d016abd397c}</UniqueIdentifier>
    </Filter>
  </ItemGroup>
</Project>